// !$*UTF8*$!
{
	archiveVersion = 1;
	classes = {
	};
	objectVersion = 46;
	objects = {

/* Begin PBXBuildFile section */
		EDD3B976ED0A7C40A7CD8354 /* libPods-Pootime WatchKit Extension.a in Frameworks */ = {isa = PBXBuildFile; fileRef = A08D04FE65130A5D8A9E8D9D /* libPods-Pootime WatchKit Extension.a */; };
		FC2EA6621AE9325700D5E821 /* main.m in Sources */ = {isa = PBXBuildFile; fileRef = FC2EA6611AE9325700D5E821 /* main.m */; };
		FC2EA6651AE9325700D5E821 /* AppDelegate.m in Sources */ = {isa = PBXBuildFile; fileRef = FC2EA6641AE9325700D5E821 /* AppDelegate.m */; };
		FC2EA66D1AE9325700D5E821 /* Images.xcassets in Resources */ = {isa = PBXBuildFile; fileRef = FC2EA66C1AE9325700D5E821 /* Images.xcassets */; };
		FC2EA6701AE9325700D5E821 /* LaunchScreen.xib in Resources */ = {isa = PBXBuildFile; fileRef = FC2EA66E1AE9325700D5E821 /* LaunchScreen.xib */; };
		FC2EA6911AE9329600D5E821 /* Images.xcassets in Resources */ = {isa = PBXBuildFile; fileRef = FC2EA6901AE9329600D5E821 /* Images.xcassets */; };
		FC2EA6951AE9329600D5E821 /* ToiletTime WatchKit App.app in Resources */ = {isa = PBXBuildFile; fileRef = FC2EA6941AE9329600D5E821 /* ToiletTime WatchKit App.app */; };
		FC2EA69D1AE9329600D5E821 /* Interface.storyboard in Resources */ = {isa = PBXBuildFile; fileRef = FC2EA69B1AE9329600D5E821 /* Interface.storyboard */; };
		FC2EA69F1AE9329600D5E821 /* Images.xcassets in Resources */ = {isa = PBXBuildFile; fileRef = FC2EA69E1AE9329600D5E821 /* Images.xcassets */; };
		FC2EA6A21AE9329600D5E821 /* ToiletTime WatchKit Extension.appex in Embed App Extensions */ = {isa = PBXBuildFile; fileRef = FC2EA6891AE9329600D5E821 /* ToiletTime WatchKit Extension.appex */; settings = {ATTRIBUTES = (RemoveHeadersOnCopy, ); }; };
		FC2EA6AF1AE9364000D5E821 /* Pootime.entitlements in Resources */ = {isa = PBXBuildFile; fileRef = FC2EA6AA1AE9364000D5E821 /* Pootime.entitlements */; };
		FC2EA6B71AE9367500D5E821 /* Pootime WatchKit Extension.entitlements in Resources */ = {isa = PBXBuildFile; fileRef = FC2EA6B41AE9367500D5E821 /* Pootime WatchKit Extension.entitlements */; };
		FC2EA6B81AE9367500D5E821 /* PTInterfaceController.m in Sources */ = {isa = PBXBuildFile; fileRef = FC2EA6B61AE9367500D5E821 /* PTInterfaceController.m */; };
		FC2EA6D51AE9373C00D5E821 /* PTAnalytics.m in Sources */ = {isa = PBXBuildFile; fileRef = FC2EA6BB1AE9373C00D5E821 /* PTAnalytics.m */; };
		FC2EA6D61AE9373C00D5E821 /* PTCalendarManager.m in Sources */ = {isa = PBXBuildFile; fileRef = FC2EA6BD1AE9373C00D5E821 /* PTCalendarManager.m */; };
		FC2EA6D71AE9373C00D5E821 /* PTDefaultsManager.m in Sources */ = {isa = PBXBuildFile; fileRef = FC2EA6BF1AE9373C00D5E821 /* PTDefaultsManager.m */; };
		FC2EA6D81AE9373C00D5E821 /* PTDesign.m in Sources */ = {isa = PBXBuildFile; fileRef = FC2EA6C11AE9373C00D5E821 /* PTDesign.m */; };
		FC2EA6D91AE9373C00D5E821 /* PTGlobalConstants.m in Sources */ = {isa = PBXBuildFile; fileRef = FC2EA6C31AE9373C00D5E821 /* PTGlobalConstants.m */; };
		FC2EA6DA1AE9373C00D5E821 /* PTMainFooterCell.m in Sources */ = {isa = PBXBuildFile; fileRef = FC2EA6C61AE9373C00D5E821 /* PTMainFooterCell.m */; };
		FC2EA6DB1AE9373C00D5E821 /* UIButton+Utilities.m in Sources */ = {isa = PBXBuildFile; fileRef = FC2EA6C91AE9373C00D5E821 /* UIButton+Utilities.m */; };
		FC2EA6DC1AE9373C00D5E821 /* UIView+Utilities.m in Sources */ = {isa = PBXBuildFile; fileRef = FC2EA6CB1AE9373C00D5E821 /* UIView+Utilities.m */; };
		FC2EA6DD1AE9373C00D5E821 /* PTBaseViewController.m in Sources */ = {isa = PBXBuildFile; fileRef = FC2EA6CE1AE9373C00D5E821 /* PTBaseViewController.m */; };
		FC2EA6DE1AE9373C00D5E821 /* PTMainViewController.m in Sources */ = {isa = PBXBuildFile; fileRef = FC2EA6D01AE9373C00D5E821 /* PTMainViewController.m */; };
		FC2EA6DF1AE9373C00D5E821 /* PTSelectCalendarViewController.m in Sources */ = {isa = PBXBuildFile; fileRef = FC2EA6D21AE9373C00D5E821 /* PTSelectCalendarViewController.m */; };
		FC2EA6E01AE9373C00D5E821 /* PTTableViewController.m in Sources */ = {isa = PBXBuildFile; fileRef = FC2EA6D41AE9373C00D5E821 /* PTTableViewController.m */; };
		FC2EA6E11AE9376D00D5E821 /* PTGlobalConstants.m in Sources */ = {isa = PBXBuildFile; fileRef = FC2EA6C31AE9373C00D5E821 /* PTGlobalConstants.m */; };
		FC2EA6E21AE9377900D5E821 /* PTCalendarManager.m in Sources */ = {isa = PBXBuildFile; fileRef = FC2EA6BD1AE9373C00D5E821 /* PTCalendarManager.m */; };
		FC2EA6E31AE939DA00D5E821 /* PTAnalytics.m in Sources */ = {isa = PBXBuildFile; fileRef = FC2EA6BB1AE9373C00D5E821 /* PTAnalytics.m */; };
		FEEC067B8CDEC702F7AC7D24 /* libPods.a in Frameworks */ = {isa = PBXBuildFile; fileRef = 98E66414A665FA5564728A2C /* libPods.a */; };
/* End PBXBuildFile section */

/* Begin PBXContainerItemProxy section */
		FC2EA6961AE9329600D5E821 /* PBXContainerItemProxy */ = {
			isa = PBXContainerItemProxy;
			containerPortal = FC2EA6541AE9325700D5E821 /* Project object */;
			proxyType = 1;
			remoteGlobalIDString = FC2EA6931AE9329600D5E821;
			remoteInfo = "Pootime WatchKit App";
		};
		FC2EA6A01AE9329600D5E821 /* PBXContainerItemProxy */ = {
			isa = PBXContainerItemProxy;
			containerPortal = FC2EA6541AE9325700D5E821 /* Project object */;
			proxyType = 1;
			remoteGlobalIDString = FC2EA6881AE9329600D5E821;
			remoteInfo = "Pootime WatchKit Extension";
		};
/* End PBXContainerItemProxy section */

/* Begin PBXCopyFilesBuildPhase section */
		FC2EA6A91AE9329600D5E821 /* Embed App Extensions */ = {
			isa = PBXCopyFilesBuildPhase;
			buildActionMask = 2147483647;
			dstPath = "";
			dstSubfolderSpec = 13;
			files = (
				FC2EA6A21AE9329600D5E821 /* ToiletTime WatchKit Extension.appex in Embed App Extensions */,
			);
			name = "Embed App Extensions";
			runOnlyForDeploymentPostprocessing = 0;
		};
/* End PBXCopyFilesBuildPhase section */

/* Begin PBXFileReference section */
		3B9FC8BA88949117455594D3 /* Pods-Pootime WatchKit Extension.release.xcconfig */ = {isa = PBXFileReference; includeInIndex = 1; lastKnownFileType = text.xcconfig; name = "Pods-Pootime WatchKit Extension.release.xcconfig"; path = "Pods/Target Support Files/Pods-Pootime WatchKit Extension/Pods-Pootime WatchKit Extension.release.xcconfig"; sourceTree = "<group>"; };
		76944A9EDF2159FE0A1A12C8 /* Pods.debug.xcconfig */ = {isa = PBXFileReference; includeInIndex = 1; lastKnownFileType = text.xcconfig; name = Pods.debug.xcconfig; path = "Pods/Target Support Files/Pods/Pods.debug.xcconfig"; sourceTree = "<group>"; };
		7719E9DD81F3E56066AFEF4C /* Pods.release.xcconfig */ = {isa = PBXFileReference; includeInIndex = 1; lastKnownFileType = text.xcconfig; name = Pods.release.xcconfig; path = "Pods/Target Support Files/Pods/Pods.release.xcconfig"; sourceTree = "<group>"; };
		98E66414A665FA5564728A2C /* libPods.a */ = {isa = PBXFileReference; explicitFileType = archive.ar; includeInIndex = 0; path = libPods.a; sourceTree = BUILT_PRODUCTS_DIR; };
		A08D04FE65130A5D8A9E8D9D /* libPods-Pootime WatchKit Extension.a */ = {isa = PBXFileReference; explicitFileType = archive.ar; includeInIndex = 0; path = "libPods-Pootime WatchKit Extension.a"; sourceTree = BUILT_PRODUCTS_DIR; };
		B5D60961F97398CE547F6879 /* Pods-Pootime WatchKit Extension.debug.xcconfig */ = {isa = PBXFileReference; includeInIndex = 1; lastKnownFileType = text.xcconfig; name = "Pods-Pootime WatchKit Extension.debug.xcconfig"; path = "Pods/Target Support Files/Pods-Pootime WatchKit Extension/Pods-Pootime WatchKit Extension.debug.xcconfig"; sourceTree = "<group>"; };
		FC2EA65C1AE9325700D5E821 /* ToiletTime.app */ = {isa = PBXFileReference; explicitFileType = wrapper.application; includeInIndex = 0; path = ToiletTime.app; sourceTree = BUILT_PRODUCTS_DIR; };
		FC2EA6601AE9325700D5E821 /* Info.plist */ = {isa = PBXFileReference; lastKnownFileType = text.plist.xml; path = Info.plist; sourceTree = "<group>"; };
		FC2EA6611AE9325700D5E821 /* main.m */ = {isa = PBXFileReference; lastKnownFileType = sourcecode.c.objc; path = main.m; sourceTree = "<group>"; };
		FC2EA6631AE9325700D5E821 /* AppDelegate.h */ = {isa = PBXFileReference; lastKnownFileType = sourcecode.c.h; path = AppDelegate.h; sourceTree = "<group>"; };
		FC2EA6641AE9325700D5E821 /* AppDelegate.m */ = {isa = PBXFileReference; lastKnownFileType = sourcecode.c.objc; path = AppDelegate.m; sourceTree = "<group>"; };
		FC2EA66C1AE9325700D5E821 /* Images.xcassets */ = {isa = PBXFileReference; lastKnownFileType = folder.assetcatalog; path = Images.xcassets; sourceTree = "<group>"; };
		FC2EA66F1AE9325700D5E821 /* Base */ = {isa = PBXFileReference; lastKnownFileType = file.xib; name = Base; path = Base.lproj/LaunchScreen.xib; sourceTree = "<group>"; };
		FC2EA6891AE9329600D5E821 /* ToiletTime WatchKit Extension.appex */ = {isa = PBXFileReference; explicitFileType = "wrapper.app-extension"; includeInIndex = 0; path = "ToiletTime WatchKit Extension.appex"; sourceTree = BUILT_PRODUCTS_DIR; };
		FC2EA68C1AE9329600D5E821 /* Info.plist */ = {isa = PBXFileReference; lastKnownFileType = text.plist.xml; path = Info.plist; sourceTree = "<group>"; };
		FC2EA6901AE9329600D5E821 /* Images.xcassets */ = {isa = PBXFileReference; lastKnownFileType = folder.assetcatalog; path = Images.xcassets; sourceTree = "<group>"; };
		FC2EA6941AE9329600D5E821 /* ToiletTime WatchKit App.app */ = {isa = PBXFileReference; explicitFileType = wrapper.application; includeInIndex = 0; path = "ToiletTime WatchKit App.app"; sourceTree = BUILT_PRODUCTS_DIR; };
		FC2EA69A1AE9329600D5E821 /* Info.plist */ = {isa = PBXFileReference; lastKnownFileType = text.plist.xml; path = Info.plist; sourceTree = "<group>"; };
		FC2EA69C1AE9329600D5E821 /* Base */ = {isa = PBXFileReference; lastKnownFileType = file.storyboard; name = Base; path = Base.lproj/Interface.storyboard; sourceTree = "<group>"; };
		FC2EA69E1AE9329600D5E821 /* Images.xcassets */ = {isa = PBXFileReference; lastKnownFileType = folder.assetcatalog; path = Images.xcassets; sourceTree = "<group>"; };
		FC2EA6AA1AE9364000D5E821 /* Pootime.entitlements */ = {isa = PBXFileReference; fileEncoding = 4; lastKnownFileType = text.xml; path = Pootime.entitlements; sourceTree = "<group>"; };
		FC2EA6B41AE9367500D5E821 /* Pootime WatchKit Extension.entitlements */ = {isa = PBXFileReference; fileEncoding = 4; lastKnownFileType = text.xml; path = "Pootime WatchKit Extension.entitlements"; sourceTree = "<group>"; };
		FC2EA6B51AE9367500D5E821 /* PTInterfaceController.h */ = {isa = PBXFileReference; fileEncoding = 4; lastKnownFileType = sourcecode.c.h; path = PTInterfaceController.h; sourceTree = "<group>"; };
		FC2EA6B61AE9367500D5E821 /* PTInterfaceController.m */ = {isa = PBXFileReference; fileEncoding = 4; lastKnownFileType = sourcecode.c.objc; path = PTInterfaceController.m; sourceTree = "<group>"; };
		FC2EA6BA1AE9373C00D5E821 /* PTAnalytics.h */ = {isa = PBXFileReference; fileEncoding = 4; lastKnownFileType = sourcecode.c.h; path = PTAnalytics.h; sourceTree = "<group>"; };
		FC2EA6BB1AE9373C00D5E821 /* PTAnalytics.m */ = {isa = PBXFileReference; fileEncoding = 4; lastKnownFileType = sourcecode.c.objc; path = PTAnalytics.m; sourceTree = "<group>"; };
		FC2EA6BC1AE9373C00D5E821 /* PTCalendarManager.h */ = {isa = PBXFileReference; fileEncoding = 4; lastKnownFileType = sourcecode.c.h; path = PTCalendarManager.h; sourceTree = "<group>"; };
		FC2EA6BD1AE9373C00D5E821 /* PTCalendarManager.m */ = {isa = PBXFileReference; fileEncoding = 4; lastKnownFileType = sourcecode.c.objc; path = PTCalendarManager.m; sourceTree = "<group>"; };
		FC2EA6BE1AE9373C00D5E821 /* PTDefaultsManager.h */ = {isa = PBXFileReference; fileEncoding = 4; lastKnownFileType = sourcecode.c.h; path = PTDefaultsManager.h; sourceTree = "<group>"; };
		FC2EA6BF1AE9373C00D5E821 /* PTDefaultsManager.m */ = {isa = PBXFileReference; fileEncoding = 4; lastKnownFileType = sourcecode.c.objc; path = PTDefaultsManager.m; sourceTree = "<group>"; };
		FC2EA6C01AE9373C00D5E821 /* PTDesign.h */ = {isa = PBXFileReference; fileEncoding = 4; lastKnownFileType = sourcecode.c.h; path = PTDesign.h; sourceTree = "<group>"; };
		FC2EA6C11AE9373C00D5E821 /* PTDesign.m */ = {isa = PBXFileReference; fileEncoding = 4; lastKnownFileType = sourcecode.c.objc; path = PTDesign.m; sourceTree = "<group>"; };
		FC2EA6C21AE9373C00D5E821 /* PTGlobalConstants.h */ = {isa = PBXFileReference; fileEncoding = 4; lastKnownFileType = sourcecode.c.h; path = PTGlobalConstants.h; sourceTree = "<group>"; };
		FC2EA6C31AE9373C00D5E821 /* PTGlobalConstants.m */ = {isa = PBXFileReference; fileEncoding = 4; lastKnownFileType = sourcecode.c.objc; path = PTGlobalConstants.m; sourceTree = "<group>"; };
		FC2EA6C51AE9373C00D5E821 /* PTMainFooterCell.h */ = {isa = PBXFileReference; fileEncoding = 4; lastKnownFileType = sourcecode.c.h; path = PTMainFooterCell.h; sourceTree = "<group>"; };
		FC2EA6C61AE9373C00D5E821 /* PTMainFooterCell.m */ = {isa = PBXFileReference; fileEncoding = 4; lastKnownFileType = sourcecode.c.objc; path = PTMainFooterCell.m; sourceTree = "<group>"; };
		FC2EA6C81AE9373C00D5E821 /* UIButton+Utilities.h */ = {isa = PBXFileReference; fileEncoding = 4; lastKnownFileType = sourcecode.c.h; path = "UIButton+Utilities.h"; sourceTree = "<group>"; };
		FC2EA6C91AE9373C00D5E821 /* UIButton+Utilities.m */ = {isa = PBXFileReference; fileEncoding = 4; lastKnownFileType = sourcecode.c.objc; path = "UIButton+Utilities.m"; sourceTree = "<group>"; };
		FC2EA6CA1AE9373C00D5E821 /* UIView+Utilities.h */ = {isa = PBXFileReference; fileEncoding = 4; lastKnownFileType = sourcecode.c.h; path = "UIView+Utilities.h"; sourceTree = "<group>"; };
		FC2EA6CB1AE9373C00D5E821 /* UIView+Utilities.m */ = {isa = PBXFileReference; fileEncoding = 4; lastKnownFileType = sourcecode.c.objc; path = "UIView+Utilities.m"; sourceTree = "<group>"; };
		FC2EA6CD1AE9373C00D5E821 /* PTBaseViewController.h */ = {isa = PBXFileReference; fileEncoding = 4; lastKnownFileType = sourcecode.c.h; path = PTBaseViewController.h; sourceTree = "<group>"; };
		FC2EA6CE1AE9373C00D5E821 /* PTBaseViewController.m */ = {isa = PBXFileReference; fileEncoding = 4; lastKnownFileType = sourcecode.c.objc; path = PTBaseViewController.m; sourceTree = "<group>"; };
		FC2EA6CF1AE9373C00D5E821 /* PTMainViewController.h */ = {isa = PBXFileReference; fileEncoding = 4; lastKnownFileType = sourcecode.c.h; path = PTMainViewController.h; sourceTree = "<group>"; };
		FC2EA6D01AE9373C00D5E821 /* PTMainViewController.m */ = {isa = PBXFileReference; fileEncoding = 4; lastKnownFileType = sourcecode.c.objc; path = PTMainViewController.m; sourceTree = "<group>"; };
		FC2EA6D11AE9373C00D5E821 /* PTSelectCalendarViewController.h */ = {isa = PBXFileReference; fileEncoding = 4; lastKnownFileType = sourcecode.c.h; path = PTSelectCalendarViewController.h; sourceTree = "<group>"; };
		FC2EA6D21AE9373C00D5E821 /* PTSelectCalendarViewController.m */ = {isa = PBXFileReference; fileEncoding = 4; lastKnownFileType = sourcecode.c.objc; path = PTSelectCalendarViewController.m; sourceTree = "<group>"; };
		FC2EA6D31AE9373C00D5E821 /* PTTableViewController.h */ = {isa = PBXFileReference; fileEncoding = 4; lastKnownFileType = sourcecode.c.h; path = PTTableViewController.h; sourceTree = "<group>"; };
		FC2EA6D41AE9373C00D5E821 /* PTTableViewController.m */ = {isa = PBXFileReference; fileEncoding = 4; lastKnownFileType = sourcecode.c.objc; path = PTTableViewController.m; sourceTree = "<group>"; };
/* End PBXFileReference section */

/* Begin PBXFrameworksBuildPhase section */
		FC2EA6591AE9325700D5E821 /* Frameworks */ = {
			isa = PBXFrameworksBuildPhase;
			buildActionMask = 2147483647;
			files = (
				FEEC067B8CDEC702F7AC7D24 /* libPods.a in Frameworks */,
			);
			runOnlyForDeploymentPostprocessing = 0;
		};
		FC2EA6861AE9329600D5E821 /* Frameworks */ = {
			isa = PBXFrameworksBuildPhase;
			buildActionMask = 2147483647;
			files = (
				EDD3B976ED0A7C40A7CD8354 /* libPods-Pootime WatchKit Extension.a in Frameworks */,
			);
			runOnlyForDeploymentPostprocessing = 0;
		};
/* End PBXFrameworksBuildPhase section */

/* Begin PBXGroup section */
		B526898C2AA319F54567DDF1 /* Pods */ = {
			isa = PBXGroup;
			children = (
				76944A9EDF2159FE0A1A12C8 /* Pods.debug.xcconfig */,
				7719E9DD81F3E56066AFEF4C /* Pods.release.xcconfig */,
				B5D60961F97398CE547F6879 /* Pods-Pootime WatchKit Extension.debug.xcconfig */,
				3B9FC8BA88949117455594D3 /* Pods-Pootime WatchKit Extension.release.xcconfig */,
			);
			name = Pods;
			sourceTree = "<group>";
		};
		C6F96863E7F92C01A354CC2C /* Frameworks */ = {
			isa = PBXGroup;
			children = (
				98E66414A665FA5564728A2C /* libPods.a */,
				A08D04FE65130A5D8A9E8D9D /* libPods-Pootime WatchKit Extension.a */,
			);
			name = Frameworks;
			sourceTree = "<group>";
		};
		FC2EA6531AE9325700D5E821 = {
			isa = PBXGroup;
			children = (
				FC2EA65E1AE9325700D5E821 /* Pootime */,
				FC2EA68A1AE9329600D5E821 /* Pootime WatchKit Extension */,
				FC2EA6981AE9329600D5E821 /* Pootime WatchKit App */,
				FC2EA65D1AE9325700D5E821 /* Products */,
				B526898C2AA319F54567DDF1 /* Pods */,
				C6F96863E7F92C01A354CC2C /* Frameworks */,
			);
			sourceTree = "<group>";
		};
		FC2EA65D1AE9325700D5E821 /* Products */ = {
			isa = PBXGroup;
			children = (
				FC2EA65C1AE9325700D5E821 /* ToiletTime.app */,
				FC2EA6891AE9329600D5E821 /* ToiletTime WatchKit Extension.appex */,
				FC2EA6941AE9329600D5E821 /* ToiletTime WatchKit App.app */,
			);
			name = Products;
			sourceTree = "<group>";
		};
		FC2EA65E1AE9325700D5E821 /* Pootime */ = {
			isa = PBXGroup;
			children = (
				FC2EA6AA1AE9364000D5E821 /* Pootime.entitlements */,
				FC2EA6CC1AE9373C00D5E821 /* Controllers */,
				FC2EA6C41AE9373C00D5E821 /* Views */,
				FC2EA6B91AE9373C00D5E821 /* Utilities */,
				FC2EA6C71AE9373C00D5E821 /* Categories */,
				FC2EA65F1AE9325700D5E821 /* Supporting Files */,
			);
			path = Pootime;
			sourceTree = "<group>";
		};
		FC2EA65F1AE9325700D5E821 /* Supporting Files */ = {
			isa = PBXGroup;
			children = (
				FC2EA6631AE9325700D5E821 /* AppDelegate.h */,
				FC2EA6641AE9325700D5E821 /* AppDelegate.m */,
				FC2EA66C1AE9325700D5E821 /* Images.xcassets */,
				FC2EA66E1AE9325700D5E821 /* LaunchScreen.xib */,
				FC2EA6601AE9325700D5E821 /* Info.plist */,
				FC2EA6611AE9325700D5E821 /* main.m */,
			);
			name = "Supporting Files";
			sourceTree = "<group>";
		};
		FC2EA68A1AE9329600D5E821 /* Pootime WatchKit Extension */ = {
			isa = PBXGroup;
			children = (
				FC2EA6B41AE9367500D5E821 /* Pootime WatchKit Extension.entitlements */,
				FC2EA6B51AE9367500D5E821 /* PTInterfaceController.h */,
				FC2EA6B61AE9367500D5E821 /* PTInterfaceController.m */,
				FC2EA6901AE9329600D5E821 /* Images.xcassets */,
				FC2EA68B1AE9329600D5E821 /* Supporting Files */,
			);
			path = "Pootime WatchKit Extension";
			sourceTree = "<group>";
		};
		FC2EA68B1AE9329600D5E821 /* Supporting Files */ = {
			isa = PBXGroup;
			children = (
				FC2EA68C1AE9329600D5E821 /* Info.plist */,
			);
			name = "Supporting Files";
			sourceTree = "<group>";
		};
		FC2EA6981AE9329600D5E821 /* Pootime WatchKit App */ = {
			isa = PBXGroup;
			children = (
				FC2EA69B1AE9329600D5E821 /* Interface.storyboard */,
				FC2EA69E1AE9329600D5E821 /* Images.xcassets */,
				FC2EA6991AE9329600D5E821 /* Supporting Files */,
			);
			path = "Pootime WatchKit App";
			sourceTree = "<group>";
		};
		FC2EA6991AE9329600D5E821 /* Supporting Files */ = {
			isa = PBXGroup;
			children = (
				FC2EA69A1AE9329600D5E821 /* Info.plist */,
			);
			name = "Supporting Files";
			sourceTree = "<group>";
		};
		FC2EA6B91AE9373C00D5E821 /* Utilities */ = {
			isa = PBXGroup;
			children = (
				FC2EA6BA1AE9373C00D5E821 /* PTAnalytics.h */,
				FC2EA6BB1AE9373C00D5E821 /* PTAnalytics.m */,
				FC2EA6BC1AE9373C00D5E821 /* PTCalendarManager.h */,
				FC2EA6BD1AE9373C00D5E821 /* PTCalendarManager.m */,
				FC2EA6BE1AE9373C00D5E821 /* PTDefaultsManager.h */,
				FC2EA6BF1AE9373C00D5E821 /* PTDefaultsManager.m */,
				FC2EA6C01AE9373C00D5E821 /* PTDesign.h */,
				FC2EA6C11AE9373C00D5E821 /* PTDesign.m */,
				FC2EA6C21AE9373C00D5E821 /* PTGlobalConstants.h */,
				FC2EA6C31AE9373C00D5E821 /* PTGlobalConstants.m */,
			);
			path = Utilities;
			sourceTree = "<group>";
		};
		FC2EA6C41AE9373C00D5E821 /* Views */ = {
			isa = PBXGroup;
			children = (
				FC2EA6C51AE9373C00D5E821 /* PTMainFooterCell.h */,
				FC2EA6C61AE9373C00D5E821 /* PTMainFooterCell.m */,
			);
			path = Views;
			sourceTree = "<group>";
		};
		FC2EA6C71AE9373C00D5E821 /* Categories */ = {
			isa = PBXGroup;
			children = (
				FC2EA6C81AE9373C00D5E821 /* UIButton+Utilities.h */,
				FC2EA6C91AE9373C00D5E821 /* UIButton+Utilities.m */,
				FC2EA6CA1AE9373C00D5E821 /* UIView+Utilities.h */,
				FC2EA6CB1AE9373C00D5E821 /* UIView+Utilities.m */,
			);
			path = Categories;
			sourceTree = "<group>";
		};
		FC2EA6CC1AE9373C00D5E821 /* Controllers */ = {
			isa = PBXGroup;
			children = (
				FC2EA6CD1AE9373C00D5E821 /* PTBaseViewController.h */,
				FC2EA6CE1AE9373C00D5E821 /* PTBaseViewController.m */,
				FC2EA6CF1AE9373C00D5E821 /* PTMainViewController.h */,
				FC2EA6D01AE9373C00D5E821 /* PTMainViewController.m */,
				FC2EA6D11AE9373C00D5E821 /* PTSelectCalendarViewController.h */,
				FC2EA6D21AE9373C00D5E821 /* PTSelectCalendarViewController.m */,
				FC2EA6D31AE9373C00D5E821 /* PTTableViewController.h */,
				FC2EA6D41AE9373C00D5E821 /* PTTableViewController.m */,
			);
			path = Controllers;
			sourceTree = "<group>";
		};
/* End PBXGroup section */

/* Begin PBXNativeTarget section */
		FC2EA65B1AE9325700D5E821 /* ToiletTime */ = {
			isa = PBXNativeTarget;
			buildConfigurationList = FC2EA67F1AE9325700D5E821 /* Build configuration list for PBXNativeTarget "ToiletTime" */;
			buildPhases = (
				5CCAD518D7841B7CC3673703 /* Check Pods Manifest.lock */,
				FC2EA6581AE9325700D5E821 /* Sources */,
				FC2EA6591AE9325700D5E821 /* Frameworks */,
				FC2EA65A1AE9325700D5E821 /* Resources */,
				FC2EA6A91AE9329600D5E821 /* Embed App Extensions */,
				CE1900922C62A3458847A4B9 /* Copy Pods Resources */,
			);
			buildRules = (
			);
			dependencies = (
				FC2EA6A11AE9329600D5E821 /* PBXTargetDependency */,
			);
			name = ToiletTime;
			productName = Pootime;
			productReference = FC2EA65C1AE9325700D5E821 /* ToiletTime.app */;
			productType = "com.apple.product-type.application";
		};
		FC2EA6881AE9329600D5E821 /* ToiletTime WatchKit Extension */ = {
			isa = PBXNativeTarget;
			buildConfigurationList = FC2EA6A61AE9329600D5E821 /* Build configuration list for PBXNativeTarget "ToiletTime WatchKit Extension" */;
			buildPhases = (
				DC70BFEAC39C3FAC8FDB1387 /* Check Pods Manifest.lock */,
				FC2EA6851AE9329600D5E821 /* Sources */,
				FC2EA6861AE9329600D5E821 /* Frameworks */,
				FC2EA6871AE9329600D5E821 /* Resources */,
				F514728247A034B3EF6B9461 /* Copy Pods Resources */,
			);
			buildRules = (
			);
			dependencies = (
				FC2EA6971AE9329600D5E821 /* PBXTargetDependency */,
			);
			name = "ToiletTime WatchKit Extension";
			productName = "Pootime WatchKit Extension";
			productReference = FC2EA6891AE9329600D5E821 /* ToiletTime WatchKit Extension.appex */;
			productType = "com.apple.product-type.watchkit-extension";
		};
		FC2EA6931AE9329600D5E821 /* ToiletTime WatchKit App */ = {
			isa = PBXNativeTarget;
			buildConfigurationList = FC2EA6A31AE9329600D5E821 /* Build configuration list for PBXNativeTarget "ToiletTime WatchKit App" */;
			buildPhases = (
				FC2EA6921AE9329600D5E821 /* Resources */,
			);
			buildRules = (
			);
			dependencies = (
			);
			name = "ToiletTime WatchKit App";
			productName = "Pootime WatchKit App";
			productReference = FC2EA6941AE9329600D5E821 /* ToiletTime WatchKit App.app */;
			productType = "com.apple.product-type.application.watchapp";
		};
/* End PBXNativeTarget section */

/* Begin PBXProject section */
		FC2EA6541AE9325700D5E821 /* Project object */ = {
			isa = PBXProject;
			attributes = {
				LastUpgradeCheck = 0630;
				ORGANIZATIONNAME = Pixelbleed;
				TargetAttributes = {
					FC2EA65B1AE9325700D5E821 = {
						CreatedOnToolsVersion = 6.3;
						DevelopmentTeam = 5ES339A7SN;
						SystemCapabilities = {
							com.apple.ApplicationGroups.iOS = {
								enabled = 1;
							};
						};
					};
					FC2EA6881AE9329600D5E821 = {
						CreatedOnToolsVersion = 6.3;
						DevelopmentTeam = 5ES339A7SN;
						SystemCapabilities = {
							com.apple.ApplicationGroups.iOS = {
								enabled = 1;
							};
						};
					};
					FC2EA6931AE9329600D5E821 = {
						CreatedOnToolsVersion = 6.3;
						DevelopmentTeam = 5ES339A7SN;
					};
				};
			};
			buildConfigurationList = FC2EA6571AE9325700D5E821 /* Build configuration list for PBXProject "Pootime" */;
			compatibilityVersion = "Xcode 3.2";
			developmentRegion = English;
			hasScannedForEncodings = 0;
			knownRegions = (
				en,
				Base,
			);
			mainGroup = FC2EA6531AE9325700D5E821;
			productRefGroup = FC2EA65D1AE9325700D5E821 /* Products */;
			projectDirPath = "";
			projectRoot = "";
			targets = (
				FC2EA65B1AE9325700D5E821 /* ToiletTime */,
				FC2EA6881AE9329600D5E821 /* ToiletTime WatchKit Extension */,
				FC2EA6931AE9329600D5E821 /* ToiletTime WatchKit App */,
			);
		};
/* End PBXProject section */

/* Begin PBXResourcesBuildPhase section */
		FC2EA65A1AE9325700D5E821 /* Resources */ = {
			isa = PBXResourcesBuildPhase;
			buildActionMask = 2147483647;
			files = (
				FC2EA6701AE9325700D5E821 /* LaunchScreen.xib in Resources */,
				FC2EA66D1AE9325700D5E821 /* Images.xcassets in Resources */,
				FC2EA6AF1AE9364000D5E821 /* Pootime.entitlements in Resources */,
			);
			runOnlyForDeploymentPostprocessing = 0;
		};
		FC2EA6871AE9329600D5E821 /* Resources */ = {
			isa = PBXResourcesBuildPhase;
			buildActionMask = 2147483647;
			files = (
				FC2EA6951AE9329600D5E821 /* ToiletTime WatchKit App.app in Resources */,
				FC2EA6911AE9329600D5E821 /* Images.xcassets in Resources */,
				FC2EA6B71AE9367500D5E821 /* Pootime WatchKit Extension.entitlements in Resources */,
			);
			runOnlyForDeploymentPostprocessing = 0;
		};
		FC2EA6921AE9329600D5E821 /* Resources */ = {
			isa = PBXResourcesBuildPhase;
			buildActionMask = 2147483647;
			files = (
				FC2EA69D1AE9329600D5E821 /* Interface.storyboard in Resources */,
				FC2EA69F1AE9329600D5E821 /* Images.xcassets in Resources */,
			);
			runOnlyForDeploymentPostprocessing = 0;
		};
/* End PBXResourcesBuildPhase section */

/* Begin PBXShellScriptBuildPhase section */
		5CCAD518D7841B7CC3673703 /* Check Pods Manifest.lock */ = {
			isa = PBXShellScriptBuildPhase;
			buildActionMask = 2147483647;
			files = (
			);
			inputPaths = (
			);
			name = "Check Pods Manifest.lock";
			outputPaths = (
			);
			runOnlyForDeploymentPostprocessing = 0;
			shellPath = /bin/sh;
			shellScript = "diff \"${PODS_ROOT}/../Podfile.lock\" \"${PODS_ROOT}/Manifest.lock\" > /dev/null\nif [[ $? != 0 ]] ; then\n    cat << EOM\nerror: The sandbox is not in sync with the Podfile.lock. Run 'pod install' or update your CocoaPods installation.\nEOM\n    exit 1\nfi\n";
			showEnvVarsInLog = 0;
		};
		CE1900922C62A3458847A4B9 /* Copy Pods Resources */ = {
			isa = PBXShellScriptBuildPhase;
			buildActionMask = 2147483647;
			files = (
			);
			inputPaths = (
			);
			name = "Copy Pods Resources";
			outputPaths = (
			);
			runOnlyForDeploymentPostprocessing = 0;
			shellPath = /bin/sh;
			shellScript = "\"${SRCROOT}/Pods/Target Support Files/Pods/Pods-resources.sh\"\n";
			showEnvVarsInLog = 0;
		};
		DC70BFEAC39C3FAC8FDB1387 /* Check Pods Manifest.lock */ = {
			isa = PBXShellScriptBuildPhase;
			buildActionMask = 2147483647;
			files = (
			);
			inputPaths = (
			);
			name = "Check Pods Manifest.lock";
			outputPaths = (
			);
			runOnlyForDeploymentPostprocessing = 0;
			shellPath = /bin/sh;
			shellScript = "diff \"${PODS_ROOT}/../Podfile.lock\" \"${PODS_ROOT}/Manifest.lock\" > /dev/null\nif [[ $? != 0 ]] ; then\n    cat << EOM\nerror: The sandbox is not in sync with the Podfile.lock. Run 'pod install' or update your CocoaPods installation.\nEOM\n    exit 1\nfi\n";
			showEnvVarsInLog = 0;
		};
		F514728247A034B3EF6B9461 /* Copy Pods Resources */ = {
			isa = PBXShellScriptBuildPhase;
			buildActionMask = 2147483647;
			files = (
			);
			inputPaths = (
			);
			name = "Copy Pods Resources";
			outputPaths = (
			);
			runOnlyForDeploymentPostprocessing = 0;
			shellPath = /bin/sh;
			shellScript = "\"${SRCROOT}/Pods/Target Support Files/Pods-Pootime WatchKit Extension/Pods-Pootime WatchKit Extension-resources.sh\"\n";
			showEnvVarsInLog = 0;
		};
/* End PBXShellScriptBuildPhase section */

/* Begin PBXSourcesBuildPhase section */
		FC2EA6581AE9325700D5E821 /* Sources */ = {
			isa = PBXSourcesBuildPhase;
			buildActionMask = 2147483647;
			files = (
				FC2EA6651AE9325700D5E821 /* AppDelegate.m in Sources */,
				FC2EA6D91AE9373C00D5E821 /* PTGlobalConstants.m in Sources */,
				FC2EA6DB1AE9373C00D5E821 /* UIButton+Utilities.m in Sources */,
				FC2EA6D81AE9373C00D5E821 /* PTDesign.m in Sources */,
				FC2EA6DF1AE9373C00D5E821 /* PTSelectCalendarViewController.m in Sources */,
				FC2EA6621AE9325700D5E821 /* main.m in Sources */,
				FC2EA6D51AE9373C00D5E821 /* PTAnalytics.m in Sources */,
				FC2EA6E01AE9373C00D5E821 /* PTTableViewController.m in Sources */,
				FC2EA6DA1AE9373C00D5E821 /* PTMainFooterCell.m in Sources */,
				FC2EA6DC1AE9373C00D5E821 /* UIView+Utilities.m in Sources */,
				FC2EA6D71AE9373C00D5E821 /* PTDefaultsManager.m in Sources */,
				FC2EA6DE1AE9373C00D5E821 /* PTMainViewController.m in Sources */,
				FC2EA6D61AE9373C00D5E821 /* PTCalendarManager.m in Sources */,
				FC2EA6DD1AE9373C00D5E821 /* PTBaseViewController.m in Sources */,
			);
			runOnlyForDeploymentPostprocessing = 0;
		};
		FC2EA6851AE9329600D5E821 /* Sources */ = {
			isa = PBXSourcesBuildPhase;
			buildActionMask = 2147483647;
			files = (
				FC2EA6E31AE939DA00D5E821 /* PTAnalytics.m in Sources */,
				FC2EA6E11AE9376D00D5E821 /* PTGlobalConstants.m in Sources */,
				FC2EA6B81AE9367500D5E821 /* PTInterfaceController.m in Sources */,
				FC2EA6E21AE9377900D5E821 /* PTCalendarManager.m in Sources */,
			);
			runOnlyForDeploymentPostprocessing = 0;
		};
/* End PBXSourcesBuildPhase section */

/* Begin PBXTargetDependency section */
		FC2EA6971AE9329600D5E821 /* PBXTargetDependency */ = {
			isa = PBXTargetDependency;
			target = FC2EA6931AE9329600D5E821 /* ToiletTime WatchKit App */;
			targetProxy = FC2EA6961AE9329600D5E821 /* PBXContainerItemProxy */;
		};
		FC2EA6A11AE9329600D5E821 /* PBXTargetDependency */ = {
			isa = PBXTargetDependency;
			target = FC2EA6881AE9329600D5E821 /* ToiletTime WatchKit Extension */;
			targetProxy = FC2EA6A01AE9329600D5E821 /* PBXContainerItemProxy */;
		};
/* End PBXTargetDependency section */

/* Begin PBXVariantGroup section */
		FC2EA66E1AE9325700D5E821 /* LaunchScreen.xib */ = {
			isa = PBXVariantGroup;
			children = (
				FC2EA66F1AE9325700D5E821 /* Base */,
			);
			name = LaunchScreen.xib;
			sourceTree = "<group>";
		};
		FC2EA69B1AE9329600D5E821 /* Interface.storyboard */ = {
			isa = PBXVariantGroup;
			children = (
				FC2EA69C1AE9329600D5E821 /* Base */,
			);
			name = Interface.storyboard;
			sourceTree = "<group>";
		};
/* End PBXVariantGroup section */

/* Begin XCBuildConfiguration section */
		FC2EA67D1AE9325700D5E821 /* Debug */ = {
			isa = XCBuildConfiguration;
			buildSettings = {
				ALWAYS_SEARCH_USER_PATHS = NO;
				CLANG_CXX_LANGUAGE_STANDARD = "gnu++0x";
				CLANG_CXX_LIBRARY = "libc++";
				CLANG_ENABLE_MODULES = YES;
				CLANG_ENABLE_OBJC_ARC = YES;
				CLANG_WARN_BOOL_CONVERSION = YES;
				CLANG_WARN_CONSTANT_CONVERSION = YES;
				CLANG_WARN_DIRECT_OBJC_ISA_USAGE = YES_ERROR;
				CLANG_WARN_EMPTY_BODY = YES;
				CLANG_WARN_ENUM_CONVERSION = YES;
				CLANG_WARN_INT_CONVERSION = YES;
				CLANG_WARN_OBJC_ROOT_CLASS = YES_ERROR;
				CLANG_WARN_UNREACHABLE_CODE = YES;
				CLANG_WARN__DUPLICATE_METHOD_MATCH = YES;
				"CODE_SIGN_IDENTITY[sdk=iphoneos*]" = "iPhone Developer";
				COPY_PHASE_STRIP = NO;
				DEBUG_INFORMATION_FORMAT = "dwarf-with-dsym";
				ENABLE_STRICT_OBJC_MSGSEND = YES;
				GCC_C_LANGUAGE_STANDARD = gnu99;
				GCC_DYNAMIC_NO_PIC = NO;
				GCC_NO_COMMON_BLOCKS = YES;
				GCC_OPTIMIZATION_LEVEL = 0;
				GCC_PREPROCESSOR_DEFINITIONS = (
					"DEBUG=1",
					"$(inherited)",
				);
				GCC_SYMBOLS_PRIVATE_EXTERN = NO;
				GCC_WARN_64_TO_32_BIT_CONVERSION = YES;
				GCC_WARN_ABOUT_RETURN_TYPE = YES_ERROR;
				GCC_WARN_UNDECLARED_SELECTOR = YES;
				GCC_WARN_UNINITIALIZED_AUTOS = YES_AGGRESSIVE;
				GCC_WARN_UNUSED_FUNCTION = YES;
				GCC_WARN_UNUSED_VARIABLE = YES;
				IPHONEOS_DEPLOYMENT_TARGET = 8.3;
				MTL_ENABLE_DEBUG_INFO = YES;
				ONLY_ACTIVE_ARCH = YES;
				SDKROOT = iphoneos;
			};
			name = Debug;
		};
		FC2EA67E1AE9325700D5E821 /* Release */ = {
			isa = XCBuildConfiguration;
			buildSettings = {
				ALWAYS_SEARCH_USER_PATHS = NO;
				CLANG_CXX_LANGUAGE_STANDARD = "gnu++0x";
				CLANG_CXX_LIBRARY = "libc++";
				CLANG_ENABLE_MODULES = YES;
				CLANG_ENABLE_OBJC_ARC = YES;
				CLANG_WARN_BOOL_CONVERSION = YES;
				CLANG_WARN_CONSTANT_CONVERSION = YES;
				CLANG_WARN_DIRECT_OBJC_ISA_USAGE = YES_ERROR;
				CLANG_WARN_EMPTY_BODY = YES;
				CLANG_WARN_ENUM_CONVERSION = YES;
				CLANG_WARN_INT_CONVERSION = YES;
				CLANG_WARN_OBJC_ROOT_CLASS = YES_ERROR;
				CLANG_WARN_UNREACHABLE_CODE = YES;
				CLANG_WARN__DUPLICATE_METHOD_MATCH = YES;
				"CODE_SIGN_IDENTITY[sdk=iphoneos*]" = "iPhone Developer";
				COPY_PHASE_STRIP = NO;
				DEBUG_INFORMATION_FORMAT = "dwarf-with-dsym";
				ENABLE_NS_ASSERTIONS = NO;
				ENABLE_STRICT_OBJC_MSGSEND = YES;
				GCC_C_LANGUAGE_STANDARD = gnu99;
				GCC_NO_COMMON_BLOCKS = YES;
				GCC_WARN_64_TO_32_BIT_CONVERSION = YES;
				GCC_WARN_ABOUT_RETURN_TYPE = YES_ERROR;
				GCC_WARN_UNDECLARED_SELECTOR = YES;
				GCC_WARN_UNINITIALIZED_AUTOS = YES_AGGRESSIVE;
				GCC_WARN_UNUSED_FUNCTION = YES;
				GCC_WARN_UNUSED_VARIABLE = YES;
				IPHONEOS_DEPLOYMENT_TARGET = 8.3;
				MTL_ENABLE_DEBUG_INFO = NO;
				SDKROOT = iphoneos;
				VALIDATE_PRODUCT = YES;
			};
			name = Release;
		};
		FC2EA6801AE9325700D5E821 /* Debug */ = {
			isa = XCBuildConfiguration;
			baseConfigurationReference = 76944A9EDF2159FE0A1A12C8 /* Pods.debug.xcconfig */;
			buildSettings = {
				ASSETCATALOG_COMPILER_APPICON_NAME = AppIcon;
				CODE_SIGN_ENTITLEMENTS = Pootime/Pootime.entitlements;
				CODE_SIGN_IDENTITY = "iPhone Developer";
				INFOPLIST_FILE = Pootime/Info.plist;
				LD_RUNPATH_SEARCH_PATHS = "$(inherited) @executable_path/Frameworks";
				PRODUCT_NAME = "$(TARGET_NAME)";
			};
			name = Debug;
		};
		FC2EA6811AE9325700D5E821 /* Release */ = {
			isa = XCBuildConfiguration;
			baseConfigurationReference = 7719E9DD81F3E56066AFEF4C /* Pods.release.xcconfig */;
			buildSettings = {
				ASSETCATALOG_COMPILER_APPICON_NAME = AppIcon;
				CODE_SIGN_ENTITLEMENTS = Pootime/Pootime.entitlements;
				CODE_SIGN_IDENTITY = "iPhone Distribution: Pixelbleed LLC (5ES339A7SN)";
				INFOPLIST_FILE = Pootime/Info.plist;
				LD_RUNPATH_SEARCH_PATHS = "$(inherited) @executable_path/Frameworks";
				PRODUCT_NAME = "$(TARGET_NAME)";
				PROVISIONING_PROFILE = "a0f499fd-22b4-4a9f-b15a-f67fa8f92fb4";
			};
			name = Release;
		};
		FC2EA6A41AE9329600D5E821 /* Debug */ = {
			isa = XCBuildConfiguration;
			buildSettings = {
				ASSETCATALOG_COMPILER_APPICON_NAME = AppIcon;
				CODE_SIGN_IDENTITY = "iPhone Developer";
				GCC_PREPROCESSOR_DEFINITIONS = (
					"DEBUG=1",
					"$(inherited)",
				);
				IBSC_MODULE = Pootime_WatchKit_Extension;
				INFOPLIST_FILE = "Pootime WatchKit App/Info.plist";
				IPHONEOS_DEPLOYMENT_TARGET = 8.2;
				PRODUCT_NAME = "$(TARGET_NAME)";
				SKIP_INSTALL = YES;
				TARGETED_DEVICE_FAMILY = 4;
				"TARGETED_DEVICE_FAMILY[sdk=iphonesimulator*]" = "1,4";
			};
			name = Debug;
		};
		FC2EA6A51AE9329600D5E821 /* Release */ = {
			isa = XCBuildConfiguration;
			buildSettings = {
				ASSETCATALOG_COMPILER_APPICON_NAME = AppIcon;
				CODE_SIGN_IDENTITY = "iPhone Developer: Nick Bolton (NQ4MG45QU2)";
				IBSC_MODULE = Pootime_WatchKit_Extension;
				INFOPLIST_FILE = "Pootime WatchKit App/Info.plist";
				IPHONEOS_DEPLOYMENT_TARGET = 8.2;
				PRODUCT_NAME = "$(TARGET_NAME)";
				PROVISIONING_PROFILE = "90c06d73-0c82-4396-bc85-f0dc8c7fb822";
				SKIP_INSTALL = YES;
				TARGETED_DEVICE_FAMILY = 4;
				"TARGETED_DEVICE_FAMILY[sdk=iphonesimulator*]" = "1,4";
			};
			name = Release;
		};
		FC2EA6A71AE9329600D5E821 /* Debug */ = {
			isa = XCBuildConfiguration;
			baseConfigurationReference = B5D60961F97398CE547F6879 /* Pods-Pootime WatchKit Extension.debug.xcconfig */;
			buildSettings = {
				CODE_SIGN_ENTITLEMENTS = "Pootime WatchKit Extension/Pootime WatchKit Extension.entitlements";
				CODE_SIGN_IDENTITY = "iPhone Developer";
				"CODE_SIGN_IDENTITY[sdk=iphoneos*]" = "iPhone Developer";
				GCC_PREPROCESSOR_DEFINITIONS = (
					"DEBUG=1",
					"$(inherited)",
				);
				INFOPLIST_FILE = "Pootime WatchKit Extension/Info.plist";
				LD_RUNPATH_SEARCH_PATHS = "$(inherited) @executable_path/Frameworks @executable_path/../../Frameworks";
				PRODUCT_NAME = "${TARGET_NAME}";
				PROVISIONING_PROFILE = "";
				SKIP_INSTALL = YES;
			};
			name = Debug;
		};
		FC2EA6A81AE9329600D5E821 /* Release */ = {
			isa = XCBuildConfiguration;
			baseConfigurationReference = 3B9FC8BA88949117455594D3 /* Pods-Pootime WatchKit Extension.release.xcconfig */;
			buildSettings = {
				CODE_SIGN_ENTITLEMENTS = "Pootime WatchKit Extension/Pootime WatchKit Extension.entitlements";
				CODE_SIGN_IDENTITY = "iPhone Developer: Nick Bolton (NQ4MG45QU2)";
				"CODE_SIGN_IDENTITY[sdk=iphoneos*]" = "iPhone Developer: Nick Bolton (NQ4MG45QU2)";
				INFOPLIST_FILE = "Pootime WatchKit Extension/Info.plist";
				LD_RUNPATH_SEARCH_PATHS = "$(inherited) @executable_path/Frameworks @executable_path/../../Frameworks";
				PRODUCT_NAME = "${TARGET_NAME}";
				PROVISIONING_PROFILE = "48f0ce00-8757-48f5-8372-a3297b195349";
				SKIP_INSTALL = YES;
			};
			name = Release;
		};
/* End XCBuildConfiguration section */

/* Begin XCConfigurationList section */
		FC2EA6571AE9325700D5E821 /* Build configuration list for PBXProject "Pootime" */ = {
			isa = XCConfigurationList;
			buildConfigurations = (
				FC2EA67D1AE9325700D5E821 /* Debug */,
				FC2EA67E1AE9325700D5E821 /* Release */,
			);
			defaultConfigurationIsVisible = 0;
			defaultConfigurationName = Release;
		};
		FC2EA67F1AE9325700D5E821 /* Build configuration list for PBXNativeTarget "ToiletTime" */ = {
			isa = XCConfigurationList;
			buildConfigurations = (
				FC2EA6801AE9325700D5E821 /* Debug */,
				FC2EA6811AE9325700D5E821 /* Release */,
			);
			defaultConfigurationIsVisible = 0;
			defaultConfigurationName = Release;
		};
		FC2EA6A31AE9329600D5E821 /* Build configuration list for PBXNativeTarget "ToiletTime WatchKit App" */ = {
			isa = XCConfigurationList;
			buildConfigurations = (
				FC2EA6A41AE9329600D5E821 /* Debug */,
				FC2EA6A51AE9329600D5E821 /* Release */,
			);
			defaultConfigurationIsVisible = 0;
			defaultConfigurationName = Release;
		};
		FC2EA6A61AE9329600D5E821 /* Build configuration list for PBXNativeTarget "ToiletTime WatchKit Extension" */ = {
			isa = XCConfigurationList;
			buildConfigurations = (
				FC2EA6A71AE9329600D5E821 /* Debug */,
				FC2EA6A81AE9329600D5E821 /* Release */,
			);
			defaultConfigurationIsVisible = 0;
			defaultConfigurationName = Release;
		};
/* End XCConfigurationList section */
	};
	rootObject = FC2EA6541AE9325700D5E821 /* Project object */;
}
